{
    "_meta": {
        "hash": {
            "sha256": "dc44da054c58fc2513087b5fa921be525af4f5a0d2a947847a587f842eec6333"
        },
        "pipfile-spec": 6,
        "requires": {
            "python_version": "3.6"
        },
        "sources": [
            {
                "name": "pypi",
                "url": "https://pypi.org/simple",
                "verify_ssl": true
            }
        ]
    },
    "default": {
        "absl-py": {
            "hashes": [
                "sha256:afe94e3c751ff81aad55d33ab6e630390da32780110b5af72ae81ecff8418d9e",
                "sha256:b44f68984a5ceb2607d135a615999b93924c771238a63920d17d3387b0d229d5"
            ],
            "version": "==0.12.0"
        },
        "astor": {
            "hashes": [
                "sha256:070a54e890cefb5b3739d19f30f5a5ec840ffc9c50ffa7d23cc9fc1a38ebbfc5",
                "sha256:6a6effda93f4e1ce9f618779b2dd1d9d84f1e32812c23a29b3fff6fd7f63fa5e"
            ],
            "version": "==0.8.1"
        },
        "cached-property": {
            "hashes": [
                "sha256:9fa5755838eecbb2d234c3aa390bd80fbd3ac6b6869109bfc1b499f7bd89a130",
                "sha256:df4f613cf7ad9a588cc381aaf4a512d26265ecebd5eb9e1ba12f1319eb85a6a0"
            ],
            "markers": "python_version < '3.8'",
            "version": "==1.5.2"
        },
        "gast": {
            "hashes": [
                "sha256:40feb7b8b8434785585ab224d1568b857edb18297e5a3047f1ba012bc83b42c1",
                "sha256:b7adcdd5adbebf1adf17378da5ba3f543684dbec47b1cda1f3997e573cd542c4"
            ],
            "version": "==0.4.0"
        },
        "gensim": {
            "hashes": [
                "sha256:24adaca52e8d821a2f5d5e6fe2e37cf321b1fafb505926ea79a7c2f019ce5b07",
                "sha256:27e1f7ed5a0bb2e93b7c2a6bd3ab71eca0c59568770e45f2df456d3909c0e47d",
                "sha256:2dae73ebe970b8c1b58978799d4936ec52ab1db86929c49194c11a4c75957ef0",
                "sha256:34b36fd3b459b37534c6fe326e90dd41ca8936ef01369c329878ff9add47db96",
                "sha256:3c6103dba32b32d436c816df6e73c4939b8f1b0c40f372804f776105dbff7889",
                "sha256:521b4d5921c26fec82d9989051c2949e477667edee30bb74a9eb43e44bddd6ad",
                "sha256:5d5e3669bf80d6bf557143f5a59ef016ed3f5bcd0313a3490c756b48936a08af",
                "sha256:70baa847bb1bc2c3e1fe1ef874ebdcc97054d253dc7add50a3f6053ca13ef6c6",
                "sha256:74a066c5c0990b7cfbb620d460b80778259dec36aafb1d40fce916d9476817a9",
                "sha256:8020e4500e34e9adc5387356e9b51c78d9a6e0ee5efe624f67e16882e1e1612c",
                "sha256:8437400c1eb243a867a2f34018e58e502f8d645696536383a8a232b13866ad71",
                "sha256:a3facc221c62365b29bc249b36c43f034bc85bb9940b8b6b13a9769264636847",
                "sha256:a5dce235d076b5a17b672f53d605c04367b36c116f1c0b3f1793e44660b7856f",
                "sha256:ba6198b2389b45c2d851b4226c0e653fafb8b706dd181d472211da8b8c1e8fe6",
                "sha256:cb3ea7d70106049c3453e19bda1f72412c358b94faf577a8de64bcd1a90aa4f8",
                "sha256:db9b9dd9410289c4848aef173e105a6c433d31ac6347f1c289bd1ce7632eba84",
                "sha256:e7ccc22df2ccefbef1cf5a5ebaec1467115e2a7d602058e9a5d25ec2a322b3bc",
                "sha256:f43f9d813a3205aaa47159f9f75445621c680905f07606c275e971ed2e48c6e2"
            ],
            "index": "pypi",
            "version": "==3.6.0"
        },
        "grpcio": {
            "hashes": [
                "sha256:02030e1afd3247f2b159df9dff959ec79dd4047b1c4dd4eec9e3d1642efbd504",
                "sha256:0648a6d5d7ddcd9c8462d7d961660ee024dad6b88152ee3a521819e611830edf",
                "sha256:09af8ceb91860086216edc6e5ea15f9beb2cf81687faa43b7c03216f5b73e244",
                "sha256:1030e74ddd0fa6e3bad7944f0c68cf1251b15bcd70641f0ad3858fdf2b8602a0",
                "sha256:1056b558acfd575d774644826df449e1402a03e456a3192fafb6b06d1069bf80",
                "sha256:20b7c4c5513e1135a2261e56830c0e710f205fee92019b92fe132d7f16a5cfd8",
                "sha256:216fbd2a488e74c3b96e240e4054c85c4c99102a439bc9f556936991643f43bc",
                "sha256:24d4c2c5e540e666c52225953d6813afc8ccf9bf46db6a72edd4e8d606656248",
                "sha256:2abaa9f0d83bd0b26f6d0d1fc4b97d73bde3ceac36ab857f70d3cabcf31c5c79",
                "sha256:3a6295aa692806218e97bb687a71cd768450ed99e2acddc488f18d738edef463",
                "sha256:3c5204e05e18268dd6a1099ca6c106fd9d00bcae1e37d5a5186094c55044c941",
                "sha256:3e75643d21db7d68acd541d3fec66faaa8061d12b511e101b529ff12a276bb9b",
                "sha256:45ea10dd133a43b10c0b4326834107ebccfee25dab59b312b78e018c2d72a1f0",
                "sha256:4c05ed54b2a00df01e633bebec819b512bf0c60f8f5b3b36dd344dc673b02fea",
                "sha256:4dc7295dc9673f7af22c1e38c2a2c24ecbd6773a4c5ed5a46ed38ad4dcf2bf6c",
                "sha256:52ec563da45d06319224ebbda53501d25594de64ee1b2786e119ba4a2f1ce40c",
                "sha256:5378189fb897567f4929f75ab67a3e0da4f8967806246cb9cfa1fa06bfbdb0d5",
                "sha256:5e4920a8fb5d17b2c5ba980db0ac1c925bbee3e5d70e96da3ec4fb1c8600d68f",
                "sha256:6b30682180053eebc87802c2f249d2f59b430e1a18e8808575dde0d22a968b2c",
                "sha256:6f6f8a8b57e40347d0bf32c2135037dae31d63d3b19007b4c426a11b76deaf65",
                "sha256:76daa3c4d58fcf40f7969bdb4270335e96ee0382a050cadcd97d7332cd0251a3",
                "sha256:7863c2a140e829b1f4c6d67bf0bf15e5321ac4766d0a295e2682970d9dd4b091",
                "sha256:7cbeac9bbe6a4a7fce4a89c892c249135dd9f5f5219ede157174c34a456188f0",
                "sha256:7e32bc01dfaa7a51c547379644ea619a2161d6969affdac3bbd173478d26673d",
                "sha256:85a6035ae75ce964f78f19cf913938596ccf068b149fcd79f4371268bcb9aa7c",
                "sha256:8a89190de1985a54ef311650cf9687ffb81de038973fd32e452636ddae36b29f",
                "sha256:9a18299827a70be0507f98a65393b1c7f6c004fe2ca995fe23ffac534dd187a7",
                "sha256:a602d6b30760bbbb2fe776caaa914a0d404636cafc3f2322718bf8002d7b1e55",
                "sha256:a66ea59b20f3669df0f0c6a3bd57b985e5b2d1dcf3e4c29819bb8dc232d0fd38",
                "sha256:b003e24339030ed356f59505d1065b89e1f443ef41ce71ca9069be944c0d2e6b",
                "sha256:bab743cdac1d6d8326c65d1d091d0740b39966dfab06519f74a03b3d128b8454",
                "sha256:c18739fecb90760b183bfcb4da1cf2c6bf57e38f7baa2c131d5f67d9a4c8365d",
                "sha256:cbd82c479338fc1c0e5c3db09752b61fe47d40c6e38e4be8657153712fa76674",
                "sha256:dee9971aef20fc09ed897420446c4d0926cd1d7630f343333288523ca5b44bb2",
                "sha256:e1b9e906aa6f7577016e86ed7f3a69cae7dab4e41356584dc7980f76ea65035f",
                "sha256:e3a83c5db16f95daac1d96cf3c9018d765579b5a29bb336758d793028e729921",
                "sha256:eafafc7e040e36aa926edc731ab52c23465981888779ae64bfc8ad85888ed4f3",
                "sha256:ec753c022b39656f88409fbf9f2d3b28497e3f17aa678f884d78776b41ebe6bd",
                "sha256:ed16bfeda02268e75e038c58599d52afc7097d749916c079b26bc27a66900f7d",
                "sha256:f214076eb13da9e65c1aa9877b51fca03f51a82bd8691358e1a1edd9ff341330",
                "sha256:f22c11772eff25ba1ca536e760b8c34ba56f2a9d66b6842cb11770a8f61f879d",
                "sha256:f241116d4bf1a8037ff87f16914b606390824e50902bdbfa2262e855fbf07fe5",
                "sha256:f3f70505207ee1cee65f60a799fd8e06e07861409aa0d55d834825a79b40c297",
                "sha256:f591597bb25eae0094ead5a965555e911453e5f35fdbdaa83be11ef107865697",
                "sha256:f6efa62ca1fe02cd34ec35f53446f04a15fe2c886a4e825f5679936a573d2cbf",
                "sha256:f7740d9d9451f3663df11b241ac05cafc0efaa052d2fdca6640c4d3748eaf6e2"
            ],
            "version": "==1.36.1"
        },
        "h5py": {
            "hashes": [
                "sha256:02c391fdb980762a1cc03a4bcaecd03dc463994a9a63a02264830114a96e111f",
                "sha256:1cd367f89a5441236bdbb795e9fb9a9e3424929c00b4a54254ca760437f83d69",
                "sha256:1cdfd1c5449ca1329d152f0b66830e93226ebce4f5e07dd8dc16bfc2b1a49d7b",
                "sha256:1e2516f190652beedcb8c7acfa1c6fa92d99b42331cbef5e5c7ec2d65b0fc3c2",
                "sha256:236ac8d943be30b617ab615c3d4a4bf4a438add2be87e54af3687ab721a18fac",
                "sha256:2e37352ddfcf9d77a2a47f7c8f7e125c6d20cc06c2995edeb7be222d4e152636",
                "sha256:80c623be10479e81b64fa713b7ed4c0bbe9f02e8e7d2a2e5382336087b615ce4",
                "sha256:ba71f6229d2013fbb606476ecc29c6223fc16b244d35fcd8566ad9dbaf910857",
                "sha256:cb74df83709d6d03d11e60b9480812f58da34f194beafa8c8314dbbeeedfe0a6",
                "sha256:dccb89358bc84abcd711363c3e138f9f4eccfdf866f2139a8e72308328765b2c",
                "sha256:e33f61d3eb862614c0f273a1f993a64dc2f093e1a3094932c50ada9d2db2170f",
                "sha256:f89a3dae38843ffa49d17a31a3509a8129e9b46ece602a0138e1ed79e685c361",
                "sha256:fea05349f63625a8fb808e57e42bb4c76930cf5d50ac58b678c52f913a48a89b"
            ],
            "version": "==3.1.0"
        },
        "importlib-metadata": {
            "hashes": [
                "sha256:742add720a20d0467df2f444ae41704000f50e1234f46174b51f9c6031a1bd71",
                "sha256:b74159469b464a99cb8cc3e21973e4d96e05d3024d337313fedb618a6e86e6f4"
            ],
            "markers": "python_version < '3.8'",
            "version": "==3.7.3"
        },
        "keras-applications": {
            "hashes": [
                "sha256:5579f9a12bcde9748f4a12233925a59b93b73ae6947409ff34aa2ba258189fe5",
                "sha256:df4323692b8c1174af821bf906f1e442e63fa7589bf0f1230a0b6bdc5a810c95"
            ],
            "version": "==1.0.8"
        },
        "keras-preprocessing": {
            "hashes": [
                "sha256:7b82029b130ff61cc99b55f3bd27427df4838576838c5b2f65940e4fcec99a7b",
                "sha256:add82567c50c8bc648c14195bf544a5ce7c1f76761536956c3d2978970179ef3"
            ],
            "version": "==1.1.2"
        },
        "markdown": {
            "hashes": [
                "sha256:31b5b491868dcc87d6c24b7e3d19a0d730d59d3e46f4eea6430a321bed387a49",
                "sha256:96c3ba1261de2f7547b46a00ea8463832c921d3f9d6aba3f255a6f71386db20c"
            ],
            "version": "==3.3.4"
        },
        "mpmath": {
            "hashes": [
                "sha256:604bc21bd22d2322a177c73bdb573994ef76e62edd595d17e00aff24b0667e5c",
                "sha256:79ffb45cf9f4b101a807595bcb3e72e0396202e0b1d25d689134b48c4216a81a"
            ],
            "version": "==1.2.1"
        },
        "numpy": {
            "hashes": [
                "sha256:012426a41bc9ab63bb158635aecccc7610e3eff5d31d1eb43bc099debc979d94",
                "sha256:06fab248a088e439402141ea04f0fffb203723148f6ee791e9c75b3e9e82f080",
                "sha256:0eef32ca3132a48e43f6a0f5a82cb508f22ce5a3d6f67a8329c81c8e226d3f6e",
                "sha256:1ded4fce9cfaaf24e7a0ab51b7a87be9038ea1ace7f34b841fe3b6894c721d1c",
                "sha256:2e55195bc1c6b705bfd8ad6f288b38b11b1af32f3c8289d6c50d47f950c12e76",
                "sha256:2ea52bd92ab9f768cc64a4c3ef8f4b2580a17af0a5436f6126b08efbd1838371",
                "sha256:36674959eed6957e61f11c912f71e78857a8d0604171dfd9ce9ad5cbf41c511c",
                "sha256:384ec0463d1c2671170901994aeb6dce126de0a95ccc3976c43b0038a37329c2",
                "sha256:39b70c19ec771805081578cc936bbe95336798b7edf4732ed102e7a43ec5c07a",
                "sha256:400580cbd3cff6ffa6293df2278c75aef2d58d8d93d3c5614cd67981dae68ceb",
                "sha256:43d4c81d5ffdff6bae58d66a3cd7f54a7acd9a0e7b18d97abb255defc09e3140",
                "sha256:50a4a0ad0111cc1b71fa32dedd05fa239f7fb5a43a40663269bb5dc7877cfd28",
                "sha256:603aa0706be710eea8884af807b1b3bc9fb2e49b9f4da439e76000f3b3c6ff0f",
                "sha256:6149a185cece5ee78d1d196938b2a8f9d09f5a5ebfbba66969302a778d5ddd1d",
                "sha256:759e4095edc3c1b3ac031f34d9459fa781777a93ccc633a472a5468587a190ff",
                "sha256:7fb43004bce0ca31d8f13a6eb5e943fa73371381e53f7074ed21a4cb786c32f8",
                "sha256:811daee36a58dc79cf3d8bdd4a490e4277d0e4b7d103a001a4e73ddb48e7e6aa",
                "sha256:8b5e972b43c8fc27d56550b4120fe6257fdc15f9301914380b27f74856299fea",
                "sha256:99abf4f353c3d1a0c7a5f27699482c987cf663b1eac20db59b8c7b061eabd7fc",
                "sha256:a0d53e51a6cb6f0d9082decb7a4cb6dfb33055308c4c44f53103c073f649af73",
                "sha256:a12ff4c8ddfee61f90a1633a4c4afd3f7bcb32b11c52026c92a12e1325922d0d",
                "sha256:a4646724fba402aa7504cd48b4b50e783296b5e10a524c7a6da62e4a8ac9698d",
                "sha256:a76f502430dd98d7546e1ea2250a7360c065a5fdea52b2dffe8ae7180909b6f4",
                "sha256:a9d17f2be3b427fbb2bce61e596cf555d6f8a56c222bd2ca148baeeb5e5c783c",
                "sha256:ab83f24d5c52d60dbc8cd0528759532736b56db58adaa7b5f1f76ad551416a1e",
                "sha256:aeb9ed923be74e659984e321f609b9ba54a48354bfd168d21a2b072ed1e833ea",
                "sha256:c843b3f50d1ab7361ca4f0b3639bf691569493a56808a0b0c54a051d260b7dbd",
                "sha256:cae865b1cae1ec2663d8ea56ef6ff185bad091a5e33ebbadd98de2cfa3fa668f",
                "sha256:cc6bd4fd593cb261332568485e20a0712883cf631f6f5e8e86a52caa8b2b50ff",
                "sha256:cf2402002d3d9f91c8b01e66fbb436a4ed01c6498fffed0e4c7566da1d40ee1e",
                "sha256:d051ec1c64b85ecc69531e1137bb9751c6830772ee5c1c426dbcfe98ef5788d7",
                "sha256:d6631f2e867676b13026e2846180e2c13c1e11289d67da08d71cacb2cd93d4aa",
                "sha256:dbd18bcf4889b720ba13a27ec2f2aac1981bd41203b3a3b27ba7a33f88ae4827",
                "sha256:df609c82f18c5b9f6cb97271f03315ff0dbe481a2a02e56aeb1b1a985ce38e60"
            ],
            "markers": "python_version == '3.6'",
            "version": "==1.19.5"
        },
        "protobuf": {
            "hashes": [
                "sha256:0f2da2fcc4102b6c3b57f03c9d8d5e37c63f8bc74deaa6cb54e0cc4524a77247",
                "sha256:1655fc0ba7402560d749de13edbfca1ac45d1753d8f4e5292989f18f5a00c215",
                "sha256:1771ef20e88759c4d81db213e89b7a1fc53937968e12af6603c658ee4bcbfa38",
                "sha256:1a66261a402d05c8ad8c1fde8631837307bf8d7e7740a4f3941fc3277c2e1528",
                "sha256:24f4697f57b8520c897a401b7f9a5ae45c369e22c572e305dfaf8053ecb49687",
                "sha256:256c0b2e338c1f3228d3280707606fe5531fde85ab9d704cde6fdeb55112531f",
                "sha256:2b974519a2ae83aa1e31cff9018c70bbe0e303a46a598f982943c49ae1d4fcd3",
                "sha256:30fe4249a364576f9594180589c3f9c4771952014b5f77f0372923fc7bafbbe2",
                "sha256:45a91fc6f9aa86d3effdeda6751882b02de628519ba06d7160daffde0c889ff8",
                "sha256:70054ae1ce5dea7dec7357db931fcf487f40ea45b02cb719ee6af07eb1e906fb",
                "sha256:74ac159989e2b02d761188a2b6f4601ff5e494d9b9d863f5ad6e98e5e0c54328",
                "sha256:822ac7f87fc2fb9b24edd2db390538b60ef50256e421ca30d65250fad5a3d477",
                "sha256:83c7c7534f050cb25383bb817159416601d1cc46c40bc5e851ec8bbddfc34a2f",
                "sha256:88d8f21d1ac205eedb6dea943f8204ed08201b081dba2a966ab5612788b9bb1e",
                "sha256:9ec20a6ded7d0888e767ad029dbb126e604e18db744ac0a428cf746e040ccecd",
                "sha256:9ec220d90eda8bb7a7a1434a8aed4fe26d7e648c1a051c2885f3f5725b6aa71a",
                "sha256:b9069e45b6e78412fba4a314ea38b4a478686060acf470d2b131b3a2c50484ec",
                "sha256:d9ed0955b794f1e5f367e27f8a8ff25501eabe34573f003f06639c366ca75f73",
                "sha256:eaada29bbf087dea7d8bce4d1d604fc768749e8809e9c295922accd7c8fce4d5",
                "sha256:eac23a3e56175b710f3da9a9e8e2aa571891fbec60e0c5a06db1c7b1613b5cfd"
            ],
            "version": "==3.15.6"
        },
        "pyyaml": {
            "hashes": [
                "sha256:02c78d77281d8f8d07a255e57abdbf43b02257f59f50cc6b636937d68efa5dd0",
                "sha256:0dc9f2eb2e3c97640928dec63fd8dc1dd91e6b6ed236bd5ac00332b99b5c2ff9",
                "sha256:124fd7c7bc1e95b1eafc60825f2daf67c73ce7b33f1194731240d24b0d1bf628",
                "sha256:26fcb33776857f4072601502d93e1a619f166c9c00befb52826e7b774efaa9db",
                "sha256:31ba07c54ef4a897758563e3a0fcc60077698df10180abe4b8165d9895c00ebf",
                "sha256:3c49e39ac034fd64fd576d63bb4db53cda89b362768a67f07749d55f128ac18a",
                "sha256:52bf0930903818e600ae6c2901f748bc4869c0c406056f679ab9614e5d21a166",
                "sha256:5a3f345acff76cad4aa9cb171ee76c590f37394186325d53d1aa25318b0d4a09",
                "sha256:5e7ac4e0e79a53451dc2814f6876c2fa6f71452de1498bbe29c0b54b69a986f4",
                "sha256:7242790ab6c20316b8e7bb545be48d7ed36e26bbe279fd56f2c4a12510e60b4b",
                "sha256:737bd70e454a284d456aa1fa71a0b429dd527bcbf52c5c33f7c8eee81ac16b89",
                "sha256:8635d53223b1f561b081ff4adecb828fd484b8efffe542edcfdff471997f7c39",
                "sha256:8b818b6c5a920cbe4203b5a6b14256f0e5244338244560da89b7b0f1313ea4b6",
                "sha256:8bf38641b4713d77da19e91f8b5296b832e4db87338d6aeffe422d42f1ca896d",
                "sha256:a36a48a51e5471513a5aea920cdad84cbd56d70a5057cca3499a637496ea379c",
                "sha256:b2243dd033fd02c01212ad5c601dafb44fbb293065f430b0d3dbf03f3254d615",
                "sha256:cc547d3ead3754712223abb7b403f0a184e4c3eae18c9bb7fd15adef1597cc4b",
                "sha256:cc552b6434b90d9dbed6a4f13339625dc466fd82597119897e9489c953acbc22",
                "sha256:f3790156c606299ff499ec44db422f66f05a7363b39eb9d5b064f17bd7d7c47b",
                "sha256:f7a21e3d99aa3095ef0553e7ceba36fb693998fbb1226f1392ce33681047465f",
                "sha256:fdc6b2cb4b19e431994f25a9160695cc59a4e861710cc6fc97161c5e845fc579"
            ],
            "index": "pypi",
            "version": "==5.4"
        },
        "scipy": {
            "hashes": [
                "sha256:168c45c0c32e23f613db7c9e4e780bc61982d71dcd406ead746c7c7c2f2004ce",
                "sha256:213bc59191da2f479984ad4ec39406bf949a99aba70e9237b916ce7547b6ef42",
                "sha256:25b241034215247481f53355e05f9e25462682b13bd9191359075682adcd9554",
                "sha256:2c872de0c69ed20fb1a9b9cf6f77298b04a26f0b8720a5457be08be254366c6e",
                "sha256:3397c129b479846d7eaa18f999369a24322d008fac0782e7828fa567358c36ce",
                "sha256:368c0f69f93186309e1b4beb8e26d51dd6f5010b79264c0f1e9ca00cd92ea8c9",
                "sha256:3d5db5d815370c28d938cf9b0809dade4acf7aba57eaf7ef733bfedc9b2474c4",
                "sha256:4598cf03136067000855d6b44d7a1f4f46994164bcd450fb2c3d481afc25dd06",
                "sha256:4a453d5e5689de62e5d38edf40af3f17560bfd63c9c5bd228c18c1f99afa155b",
                "sha256:4f12d13ffbc16e988fa40809cbbd7a8b45bc05ff6ea0ba8e3e41f6f4db3a9e47",
                "sha256:634568a3018bc16a83cda28d4f7aed0d803dd5618facb36e977e53b2df868443",
                "sha256:65923bc3809524e46fb7eb4d6346552cbb6a1ffc41be748535aa502a2e3d3389",
                "sha256:6b0ceb23560f46dd236a8ad4378fc40bad1783e997604ba845e131d6c680963e",
                "sha256:8c8d6ca19c8497344b810b0b0344f8375af5f6bb9c98bd42e33f747417ab3f57",
                "sha256:9ad4fcddcbf5dc67619379782e6aeef41218a79e17979aaed01ed099876c0e62",
                "sha256:a254b98dbcc744c723a838c03b74a8a34c0558c9ac5c86d5561703362231107d",
                "sha256:b03c4338d6d3d299e8ca494194c0ae4f611548da59e3c038813f1a43976cb437",
                "sha256:cc1f78ebc982cd0602c9a7615d878396bec94908db67d4ecddca864d049112f2",
                "sha256:d6d25c41a009e3c6b7e757338948d0076ee1dd1770d1c09ec131f11946883c54",
                "sha256:d84cadd7d7998433334c99fa55bcba0d8b4aeff0edb123b2a1dfcface538e474",
                "sha256:e360cb2299028d0b0d0f65a5c5e51fc16a335f1603aa2357c25766c8dab56938",
                "sha256:e98d49a5717369d8241d6cf33ecb0ca72deee392414118198a8e5b4c35c56340",
                "sha256:ed572470af2438b526ea574ff8f05e7f39b44ac37f712105e57fc4d53a6fb660",
                "sha256:f87b39f4d69cf7d7529d7b1098cb712033b17ea7714aed831b95628f483fd012",
                "sha256:fa789583fc94a7689b45834453fec095245c7e69c58561dc159b5d5277057e4c"
            ],
            "version": "==1.5.4"
        },
        "six": {
            "hashes": [
                "sha256:30639c035cdb23534cd4aa2dd52c3bf48f06e5f4a941509c8bafd8ce11080259",
                "sha256:8b74bedcbbbaca38ff6d7491d76f2b06b3592611af620f8426e82dddb04a5ced"
            ],
            "version": "==1.15.0"
        },
        "smart-open": {
            "hashes": [
                "sha256:d9f5a0f173ccb9bbae528db5a3804f57145815774f77ef755b9b0f3b4b2a9dcb"
            ],
            "version": "==4.2.0"
        },
        "sympy": {
            "hashes": [
                "sha256:e1319b556207a3758a0efebae14e5e52c648fc1db8975953b05fff12b6871b54"
            ],
            "index": "pypi",
            "version": "==1.3"
        },
        "tensorboard": {
            "hashes": [
                "sha256:9b3098fa6f2bdef0468e9424ca8165a22fa820479d34d3137b60d684ff196dda",
                "sha256:c5adadd4ba12aa8a036d46591c17ceda93033df12ab1ea8e265194645f597ed6"
            ],
            "version": "==1.11.0"
        },
        "tensorflow": {
            "hashes": [
                "sha256:12750d7b5950eb6afff9027099e114ee293cbac9fa0b407fa1405e0dea334be6",
                "sha256:22eef543ffd3c1d85529cf7c316ee052a93b41fe522090ee9e35166639e61426",
                "sha256:233896512caef88cf1c14d9bfca047a0d8c331ebbcef37d53f1eebbbfaf780e8",
                "sha256:27e5c8204e89399b21b5e34a8b01c37c9adc0bde284b818d0dad1d31f0ebe4e7",
                "sha256:5864812450ae4d9357341e83a4d90aa75bd8cc81a0dfade25c9597e45bea26a5",
                "sha256:839210413f4172b180426a8252904ee9d3f374da6f9c1c8ed67a2e2531a11235",
                "sha256:89eca3ff731213f03d122d331252e504dbcf1f429663281f4b8e8d83c8762899",
                "sha256:8aa98c80817fc67510a3a99769d71a66499cc7164c0c46f19d084cc9b1f937a8",
                "sha256:8e70949273d52fe85c2f85c3159e0fcc666773beaae75a52ae9d90d71f599cc6",
                "sha256:b493edf82a840bc4539bc9303ed8ef7188475213e3057822513c892654208a9a",
                "sha256:b680435e7fe7d1c977bd9dcc6d18edaee230fef40c37a4dc3a0ecb65ac2b9087",
                "sha256:d9ee31c5d763b5228d98f1ce206a0f4d43f766d77c7486d010fcbe3231189cce"
            ],
            "index": "pypi",
            "version": "==1.11.0"
        },
        "termcolor": {
            "hashes": [
                "sha256:1d6d69ce66211143803fbc56652b41d73b4a400a2891d7bf7a1cdf4c02de613b"
            ],
            "version": "==1.1.0"
        },
        "typing-extensions": {
            "hashes": [
                "sha256:7cb407020f00f7bfc3cb3e7881628838e69d8f3fcab2f64742a5e76b2f841918",
                "sha256:99d4073b617d30288f569d3f13d2bd7548c3a7e4c8de87db09a9d29bb3a4a60c",
                "sha256:dafc7639cde7f1b6e1acc0f457842a83e722ccca8eef5270af2d74792619a89f"
            ],
            "markers": "python_version < '3.8'",
            "version": "==3.7.4.3"
        },
        "werkzeug": {
            "hashes": [
                "sha256:2de2a5db0baeae7b2d2664949077c2ac63fbd16d98da0ff71837f7d1dea3fd43",
                "sha256:6c80b1e5ad3665290ea39320b91e1be1e0d5f60652b964a3070216de83d2e47c"
            ],
            "version": "==1.0.1"
        },
        "wheel": {
            "hashes": [
                "sha256:78b5b185f0e5763c26ca1e324373aadd49182ca90e825f7853f4b2509215dc0e",
                "sha256:e11eefd162658ea59a60a0f6c7d493a7190ea4b9a85e335b33489d9f17e0245e"
            ],
            "markers": "python_version >= '3'",
            "version": "==0.36.2"
        },
        "zipp": {
            "hashes": [
                "sha256:3607921face881ba3e026887d8150cca609d517579abe052ac81fc5aeffdbd76",
                "sha256:51cb66cc54621609dd593d1787f286ee42a5c0adbb4b29abea5a63edc3e03098"
            ],
            "version": "==3.4.1"
        }
    },
    "develop": {}
}
